// !$*UTF8*$!
{
	archiveVersion = 1;
	classes = {
	};
	objectVersion = 46;
	objects = {

/* Begin PBXBuildFile section */
		21B9643B199A860F00F05CA4 /* AppDelegate.swift in Sources */ = {isa = PBXBuildFile; fileRef = 21B9643A199A860F00F05CA4 /* AppDelegate.swift */; };
		21B96442199A860F00F05CA4 /* Images.xcassets in Resources */ = {isa = PBXBuildFile; fileRef = 21B96441199A860F00F05CA4 /* Images.xcassets */; };
		21B9644E199A860F00F05CA4 /* CookingAppSwiftTests.swift in Sources */ = {isa = PBXBuildFile; fileRef = 21B9644D199A860F00F05CA4 /* CookingAppSwiftTests.swift */; };
		21B9645A199A8BD500F05CA4 /* FoodTableViewCell.swift in Sources */ = {isa = PBXBuildFile; fileRef = 21B96459199A8BD500F05CA4 /* FoodTableViewCell.swift */; };
		21B9645E199BACF800F05CA4 /* FoodTableView.swift in Sources */ = {isa = PBXBuildFile; fileRef = 21B9645D199BACF800F05CA4 /* FoodTableView.swift */; };
		21B96462199BAD9400F05CA4 /* FoodTableViewController.swift in Sources */ = {isa = PBXBuildFile; fileRef = 21B96461199BAD9400F05CA4 /* FoodTableViewController.swift */; };
		21BDF2EE199BC4E9006E1E4F /* AddFoodTableView.swift in Sources */ = {isa = PBXBuildFile; fileRef = 21BDF2ED199BC4E9006E1E4F /* AddFoodTableView.swift */; };
		21BDF2F019A399A0006E1E4F /* FoodDetailView.swift in Sources */ = {isa = PBXBuildFile; fileRef = 21BDF2EF19A399A0006E1E4F /* FoodDetailView.swift */; };
		21BDF30E19A63602006E1E4F /* Realm.framework in Frameworks */ = {isa = PBXBuildFile; fileRef = 21BDF2FD19A635AE006E1E4F /* Realm.framework */; };
		21BDF31219A63670006E1E4F /* Realm.framework in CopyFiles */ = {isa = PBXBuildFile; fileRef = 21BDF30119A635AE006E1E4F /* Realm.framework */; settings = {ATTRIBUTES = (CodeSignOnCopy, RemoveHeadersOnCopy, ); }; };
		21BDF31D19A63CED006E1E4F /* RealmModels.swift in Sources */ = {isa = PBXBuildFile; fileRef = 21BDF31C19A63CED006E1E4F /* RealmModels.swift */; };
		21BDF31F19A63D2A006E1E4F /* DBManager.swift in Sources */ = {isa = PBXBuildFile; fileRef = 21BDF31E19A63D2A006E1E4F /* DBManager.swift */; };
/* End PBXBuildFile section */

/* Begin PBXContainerItemProxy section */
		21B96448199A860F00F05CA4 /* PBXContainerItemProxy */ = {
			isa = PBXContainerItemProxy;
			containerPortal = 21B9642D199A860F00F05CA4 /* Project object */;
			proxyType = 1;
			remoteGlobalIDString = 21B96434199A860F00F05CA4;
			remoteInfo = CookingAppSwift;
		};
		21BDF2FC19A635AE006E1E4F /* PBXContainerItemProxy */ = {
			isa = PBXContainerItemProxy;
			containerPortal = 21BDF2F119A635AD006E1E4F /* Realm-Xcode6.xcodeproj */;
			proxyType = 2;
			remoteGlobalIDString = E8D89B981955FC6D00CF2B9A;
			remoteInfo = OSX;
		};
		21BDF2FE19A635AE006E1E4F /* PBXContainerItemProxy */ = {
			isa = PBXContainerItemProxy;
			containerPortal = 21BDF2F119A635AD006E1E4F /* Realm-Xcode6.xcodeproj */;
			proxyType = 2;
			remoteGlobalIDString = E8D89BA31955FC6D00CF2B9A;
			remoteInfo = "OSX Tests";
		};
		21BDF30019A635AE006E1E4F /* PBXContainerItemProxy */ = {
			isa = PBXContainerItemProxy;
			containerPortal = 21BDF2F119A635AD006E1E4F /* Realm-Xcode6.xcodeproj */;
			proxyType = 2;
			remoteGlobalIDString = E856D1D5195614A300FB2FCF;
			remoteInfo = iOS;
		};
		21BDF30219A635AE006E1E4F /* PBXContainerItemProxy */ = {
			isa = PBXContainerItemProxy;
			containerPortal = 21BDF2F119A635AD006E1E4F /* Realm-Xcode6.xcodeproj */;
			proxyType = 2;
			remoteGlobalIDString = E856D1DF195614A400FB2FCF;
			remoteInfo = "iOS Tests";
		};
		21BDF30419A635AE006E1E4F /* PBXContainerItemProxy */ = {
			isa = PBXContainerItemProxy;
			containerPortal = 21BDF2F119A635AD006E1E4F /* Realm-Xcode6.xcodeproj */;
			proxyType = 2;
			remoteGlobalIDString = 3F8DCA5719930F550008BD7F;
			remoteInfo = "iOS Device Tests";
		};
		21BDF30619A635AE006E1E4F /* PBXContainerItemProxy */ = {
			isa = PBXContainerItemProxy;
			containerPortal = 21BDF2F119A635AD006E1E4F /* Realm-Xcode6.xcodeproj */;
			proxyType = 2;
			remoteGlobalIDString = E8FE4140196DBA6700073FBB;
			remoteInfo = OSXTestFramework;
		};
		21BDF30819A635AE006E1E4F /* PBXContainerItemProxy */ = {
			isa = PBXContainerItemProxy;
			containerPortal = 21BDF2F119A635AD006E1E4F /* Realm-Xcode6.xcodeproj */;
			proxyType = 2;
			remoteGlobalIDString = E8CA10F9196DC18A0044F8AA;
			remoteInfo = iOSTestFramework;
		};
		21BDF30A19A635AE006E1E4F /* PBXContainerItemProxy */ = {
			isa = PBXContainerItemProxy;
			containerPortal = 21BDF2F119A635AD006E1E4F /* Realm-Xcode6.xcodeproj */;
			proxyType = 2;
			remoteGlobalIDString = 3F1A5E721992EB7400F45F4C;
			remoteInfo = TestHost;
		};
		21BDF30C19A635C8006E1E4F /* PBXContainerItemProxy */ = {
			isa = PBXContainerItemProxy;
			containerPortal = 21BDF2F119A635AD006E1E4F /* Realm-Xcode6.xcodeproj */;
			proxyType = 1;
			remoteGlobalIDString = E856D1D4195614A300FB2FCF;
			remoteInfo = iOS;
		};
/* End PBXContainerItemProxy section */

/* Begin PBXCopyFilesBuildPhase section */
		21BDF30F19A63628006E1E4F /* CopyFiles */ = {
			isa = PBXCopyFilesBuildPhase;
			buildActionMask = 2147483647;
			dstPath = "";
			dstSubfolderSpec = 10;
			files = (
				21BDF31219A63670006E1E4F /* Realm.framework in CopyFiles */,
			);
			runOnlyForDeploymentPostprocessing = 0;
		};
/* End PBXCopyFilesBuildPhase section */

/* Begin PBXFileReference section */
		21B96435199A860F00F05CA4 /* CookingAppSwift.app */ = {isa = PBXFileReference; explicitFileType = wrapper.application; includeInIndex = 0; path = CookingAppSwift.app; sourceTree = BUILT_PRODUCTS_DIR; };
		21B96439199A860F00F05CA4 /* Info.plist */ = {isa = PBXFileReference; lastKnownFileType = text.plist.xml; path = Info.plist; sourceTree = "<group>"; };
		21B9643A199A860F00F05CA4 /* AppDelegate.swift */ = {isa = PBXFileReference; lastKnownFileType = sourcecode.swift; path = AppDelegate.swift; sourceTree = "<group>"; };
		21B96441199A860F00F05CA4 /* Images.xcassets */ = {isa = PBXFileReference; lastKnownFileType = folder.assetcatalog; path = Images.xcassets; sourceTree = "<group>"; };
		21B96447199A860F00F05CA4 /* CookingAppSwiftTests.xctest */ = {isa = PBXFileReference; explicitFileType = wrapper.cfbundle; includeInIndex = 0; path = CookingAppSwiftTests.xctest; sourceTree = BUILT_PRODUCTS_DIR; };
		21B9644C199A860F00F05CA4 /* Info.plist */ = {isa = PBXFileReference; lastKnownFileType = text.plist.xml; path = Info.plist; sourceTree = "<group>"; };
		21B9644D199A860F00F05CA4 /* CookingAppSwiftTests.swift */ = {isa = PBXFileReference; lastKnownFileType = sourcecode.swift; path = CookingAppSwiftTests.swift; sourceTree = "<group>"; };
		21B96459199A8BD500F05CA4 /* FoodTableViewCell.swift */ = {isa = PBXFileReference; fileEncoding = 4; lastKnownFileType = sourcecode.swift; path = FoodTableViewCell.swift; sourceTree = "<group>"; };
		21B9645D199BACF800F05CA4 /* FoodTableView.swift */ = {isa = PBXFileReference; fileEncoding = 4; lastKnownFileType = sourcecode.swift; path = FoodTableView.swift; sourceTree = "<group>"; };
		21B96461199BAD9400F05CA4 /* FoodTableViewController.swift */ = {isa = PBXFileReference; fileEncoding = 4; lastKnownFileType = sourcecode.swift; path = FoodTableViewController.swift; sourceTree = "<group>"; };
		21BDF2ED199BC4E9006E1E4F /* AddFoodTableView.swift */ = {isa = PBXFileReference; fileEncoding = 4; lastKnownFileType = sourcecode.swift; path = AddFoodTableView.swift; sourceTree = "<group>"; };
		21BDF2EF19A399A0006E1E4F /* FoodDetailView.swift */ = {isa = PBXFileReference; fileEncoding = 4; lastKnownFileType = sourcecode.swift; path = FoodDetailView.swift; sourceTree = "<group>"; };
		21BDF2F119A635AD006E1E4F /* Realm-Xcode6.xcodeproj */ = {isa = PBXFileReference; lastKnownFileType = "wrapper.pb-project"; name = "Realm-Xcode6.xcodeproj"; path = "../realm-cocoa/Realm-Xcode6.xcodeproj"; sourceTree = "<group>"; };
		21BDF31C19A63CED006E1E4F /* RealmModels.swift */ = {isa = PBXFileReference; fileEncoding = 4; lastKnownFileType = sourcecode.swift; path = RealmModels.swift; sourceTree = "<group>"; };
		21BDF31E19A63D2A006E1E4F /* DBManager.swift */ = {isa = PBXFileReference; fileEncoding = 4; lastKnownFileType = sourcecode.swift; path = DBManager.swift; sourceTree = "<group>"; };
/* End PBXFileReference section */

/* Begin PBXFrameworksBuildPhase section */
		21B96432199A860F00F05CA4 /* Frameworks */ = {
			isa = PBXFrameworksBuildPhase;
			buildActionMask = 2147483647;
			files = (
				21BDF30E19A63602006E1E4F /* Realm.framework in Frameworks */,
			);
			runOnlyForDeploymentPostprocessing = 0;
		};
		21B96444199A860F00F05CA4 /* Frameworks */ = {
			isa = PBXFrameworksBuildPhase;
			buildActionMask = 2147483647;
			files = (
			);
			runOnlyForDeploymentPostprocessing = 0;
		};
/* End PBXFrameworksBuildPhase section */

/* Begin PBXGroup section */
		21B9642C199A860F00F05CA4 = {
			isa = PBXGroup;
			children = (
				21BDF2F119A635AD006E1E4F /* Realm-Xcode6.xcodeproj */,
				21B96437199A860F00F05CA4 /* CookingAppSwift */,
				21B9644A199A860F00F05CA4 /* CookingAppSwiftTests */,
				21B96436199A860F00F05CA4 /* Products */,
			);
			sourceTree = "<group>";
		};
		21B96436199A860F00F05CA4 /* Products */ = {
			isa = PBXGroup;
			children = (
				21B96435199A860F00F05CA4 /* CookingAppSwift.app */,
				21B96447199A860F00F05CA4 /* CookingAppSwiftTests.xctest */,
			);
			name = Products;
			sourceTree = "<group>";
		};
		21B96437199A860F00F05CA4 /* CookingAppSwift */ = {
			isa = PBXGroup;
			children = (
				21BDF31419A63CDA006E1E4F /* DB */,
				21B9643A199A860F00F05CA4 /* AppDelegate.swift */,
				21B96441199A860F00F05CA4 /* Images.xcassets */,
				21B96438199A860F00F05CA4 /* Supporting Files */,
				21B96459199A8BD500F05CA4 /* FoodTableViewCell.swift */,
				21B9645D199BACF800F05CA4 /* FoodTableView.swift */,
				21B96461199BAD9400F05CA4 /* FoodTableViewController.swift */,
				21BDF2ED199BC4E9006E1E4F /* AddFoodTableView.swift */,
				21BDF2EF19A399A0006E1E4F /* FoodDetailView.swift */,
			);
			path = CookingAppSwift;
			sourceTree = "<group>";
		};
		21B96438199A860F00F05CA4 /* Supporting Files */ = {
			isa = PBXGroup;
			children = (
				21B96439199A860F00F05CA4 /* Info.plist */,
			);
			name = "Supporting Files";
			sourceTree = "<group>";
		};
		21B9644A199A860F00F05CA4 /* CookingAppSwiftTests */ = {
			isa = PBXGroup;
			children = (
				21B9644D199A860F00F05CA4 /* CookingAppSwiftTests.swift */,
				21B9644B199A860F00F05CA4 /* Supporting Files */,
			);
			path = CookingAppSwiftTests;
			sourceTree = "<group>";
		};
		21B9644B199A860F00F05CA4 /* Supporting Files */ = {
			isa = PBXGroup;
			children = (
				21B9644C199A860F00F05CA4 /* Info.plist */,
			);
			name = "Supporting Files";
			sourceTree = "<group>";
		};
		21BDF2F219A635AD006E1E4F /* Products */ = {
			isa = PBXGroup;
			children = (
				21BDF2FD19A635AE006E1E4F /* Realm.framework */,
				21BDF2FF19A635AE006E1E4F /* OSX Tests.xctest */,
				21BDF30119A635AE006E1E4F /* Realm.framework */,
				21BDF30319A635AE006E1E4F /* iOS Tests.xctest */,
				21BDF30519A635AE006E1E4F /* iOS Device Tests.xctest */,
				21BDF30719A635AE006E1E4F /* TestFramework.framework */,
				21BDF30919A635AE006E1E4F /* TestFramework.framework */,
				21BDF30B19A635AE006E1E4F /* TestHost.app */,
			);
			name = Products;
			sourceTree = "<group>";
		};
		21BDF31419A63CDA006E1E4F /* DB */ = {
			isa = PBXGroup;
			children = (
				21BDF31C19A63CED006E1E4F /* RealmModels.swift */,
				21BDF31E19A63D2A006E1E4F /* DBManager.swift */,
			);
			name = DB;
			sourceTree = "<group>";
		};
/* End PBXGroup section */

/* Begin PBXNativeTarget section */
		21B96434199A860F00F05CA4 /* CookingAppSwift */ = {
			isa = PBXNativeTarget;
			buildConfigurationList = 21B96451199A860F00F05CA4 /* Build configuration list for PBXNativeTarget "CookingAppSwift" */;
			buildPhases = (
				21B96431199A860F00F05CA4 /* Sources */,
				21B96432199A860F00F05CA4 /* Frameworks */,
				21B96433199A860F00F05CA4 /* Resources */,
				21BDF30F19A63628006E1E4F /* CopyFiles */,
			);
			buildRules = (
			);
			dependencies = (
				21BDF30D19A635C8006E1E4F /* PBXTargetDependency */,
			);
			name = CookingAppSwift;
			productName = CookingAppSwift;
			productReference = 21B96435199A860F00F05CA4 /* CookingAppSwift.app */;
			productType = "com.apple.product-type.application";
		};
		21B96446199A860F00F05CA4 /* CookingAppSwiftTests */ = {
			isa = PBXNativeTarget;
			buildConfigurationList = 21B96454199A860F00F05CA4 /* Build configuration list for PBXNativeTarget "CookingAppSwiftTests" */;
			buildPhases = (
				21B96443199A860F00F05CA4 /* Sources */,
				21B96444199A860F00F05CA4 /* Frameworks */,
				21B96445199A860F00F05CA4 /* Resources */,
			);
			buildRules = (
			);
			dependencies = (
				21B96449199A860F00F05CA4 /* PBXTargetDependency */,
			);
			name = CookingAppSwiftTests;
			productName = CookingAppSwiftTests;
			productReference = 21B96447199A860F00F05CA4 /* CookingAppSwiftTests.xctest */;
			productType = "com.apple.product-type.bundle.unit-test";
		};
/* End PBXNativeTarget section */

/* Begin PBXProject section */
		21B9642D199A860F00F05CA4 /* Project object */ = {
			isa = PBXProject;
			attributes = {
				LastUpgradeCheck = 0600;
				ORGANIZATIONNAME = TakanoriMatsumoto;
				TargetAttributes = {
					21B96434199A860F00F05CA4 = {
						CreatedOnToolsVersion = 6.0;
					};
					21B96446199A860F00F05CA4 = {
						CreatedOnToolsVersion = 6.0;
						TestTargetID = 21B96434199A860F00F05CA4;
					};
				};
			};
			buildConfigurationList = 21B96430199A860F00F05CA4 /* Build configuration list for PBXProject "CookingAppSwift" */;
			compatibilityVersion = "Xcode 3.2";
			developmentRegion = English;
			hasScannedForEncodings = 0;
			knownRegions = (
				en,
				Base,
			);
			mainGroup = 21B9642C199A860F00F05CA4;
			productRefGroup = 21B96436199A860F00F05CA4 /* Products */;
			projectDirPath = "";
			projectReferences = (
				{
					ProductGroup = 21BDF2F219A635AD006E1E4F /* Products */;
					ProjectRef = 21BDF2F119A635AD006E1E4F /* Realm-Xcode6.xcodeproj */;
				},
			);
			projectRoot = "";
			targets = (
				21B96434199A860F00F05CA4 /* CookingAppSwift */,
				21B96446199A860F00F05CA4 /* CookingAppSwiftTests */,
			);
		};
/* End PBXProject section */

/* Begin PBXReferenceProxy section */
		21BDF2FD19A635AE006E1E4F /* Realm.framework */ = {
			isa = PBXReferenceProxy;
			fileType = wrapper.framework;
			path = Realm.framework;
			remoteRef = 21BDF2FC19A635AE006E1E4F /* PBXContainerItemProxy */;
			sourceTree = BUILT_PRODUCTS_DIR;
		};
		21BDF2FF19A635AE006E1E4F /* OSX Tests.xctest */ = {
			isa = PBXReferenceProxy;
			fileType = wrapper.cfbundle;
			path = "OSX Tests.xctest";
			remoteRef = 21BDF2FE19A635AE006E1E4F /* PBXContainerItemProxy */;
			sourceTree = BUILT_PRODUCTS_DIR;
		};
		21BDF30119A635AE006E1E4F /* Realm.framework */ = {
			isa = PBXReferenceProxy;
			fileType = wrapper.framework;
			path = Realm.framework;
			remoteRef = 21BDF30019A635AE006E1E4F /* PBXContainerItemProxy */;
			sourceTree = BUILT_PRODUCTS_DIR;
		};
		21BDF30319A635AE006E1E4F /* iOS Tests.xctest */ = {
			isa = PBXReferenceProxy;
			fileType = wrapper.cfbundle;
			path = "iOS Tests.xctest";
			remoteRef = 21BDF30219A635AE006E1E4F /* PBXContainerItemProxy */;
			sourceTree = BUILT_PRODUCTS_DIR;
		};
		21BDF30519A635AE006E1E4F /* iOS Device Tests.xctest */ = {
			isa = PBXReferenceProxy;
			fileType = wrapper.cfbundle;
			path = "iOS Device Tests.xctest";
			remoteRef = 21BDF30419A635AE006E1E4F /* PBXContainerItemProxy */;
			sourceTree = BUILT_PRODUCTS_DIR;
		};
		21BDF30719A635AE006E1E4F /* TestFramework.framework */ = {
			isa = PBXReferenceProxy;
			fileType = wrapper.framework;
			path = TestFramework.framework;
			remoteRef = 21BDF30619A635AE006E1E4F /* PBXContainerItemProxy */;
			sourceTree = BUILT_PRODUCTS_DIR;
		};
		21BDF30919A635AE006E1E4F /* TestFramework.framework */ = {
			isa = PBXReferenceProxy;
			fileType = wrapper.framework;
			path = TestFramework.framework;
			remoteRef = 21BDF30819A635AE006E1E4F /* PBXContainerItemProxy */;
			sourceTree = BUILT_PRODUCTS_DIR;
		};
		21BDF30B19A635AE006E1E4F /* TestHost.app */ = {
			isa = PBXReferenceProxy;
			fileType = wrapper.application;
			path = TestHost.app;
			remoteRef = 21BDF30A19A635AE006E1E4F /* PBXContainerItemProxy */;
			sourceTree = BUILT_PRODUCTS_DIR;
		};
/* End PBXReferenceProxy section */

/* Begin PBXResourcesBuildPhase section */
		21B96433199A860F00F05CA4 /* Resources */ = {
			isa = PBXResourcesBuildPhase;
			buildActionMask = 2147483647;
			files = (
				21B96442199A860F00F05CA4 /* Images.xcassets in Resources */,
			);
			runOnlyForDeploymentPostprocessing = 0;
		};
		21B96445199A860F00F05CA4 /* Resources */ = {
			isa = PBXResourcesBuildPhase;
			buildActionMask = 2147483647;
			files = (
			);
			runOnlyForDeploymentPostprocessing = 0;
		};
/* End PBXResourcesBuildPhase section */

/* Begin PBXSourcesBuildPhase section */
		21B96431199A860F00F05CA4 /* Sources */ = {
			isa = PBXSourcesBuildPhase;
			buildActionMask = 2147483647;
			files = (
				21B9645A199A8BD500F05CA4 /* FoodTableViewCell.swift in Sources */,
				21B9645E199BACF800F05CA4 /* FoodTableView.swift in Sources */,
				21BDF2EE199BC4E9006E1E4F /* AddFoodTableView.swift in Sources */,
				21BDF31F19A63D2A006E1E4F /* DBManager.swift in Sources */,
				21B9643B199A860F00F05CA4 /* AppDelegate.swift in Sources */,
				21BDF31D19A63CED006E1E4F /* RealmModels.swift in Sources */,
				21B96462199BAD9400F05CA4 /* FoodTableViewController.swift in Sources */,
				21BDF2F019A399A0006E1E4F /* FoodDetailView.swift in Sources */,
			);
			runOnlyForDeploymentPostprocessing = 0;
		};
		21B96443199A860F00F05CA4 /* Sources */ = {
			isa = PBXSourcesBuildPhase;
			buildActionMask = 2147483647;
			files = (
				21B9644E199A860F00F05CA4 /* CookingAppSwiftTests.swift in Sources */,
			);
			runOnlyForDeploymentPostprocessing = 0;
		};
/* End PBXSourcesBuildPhase section */

/* Begin PBXTargetDependency section */
		21B96449199A860F00F05CA4 /* PBXTargetDependency */ = {
			isa = PBXTargetDependency;
			target = 21B96434199A860F00F05CA4 /* CookingAppSwift */;
			targetProxy = 21B96448199A860F00F05CA4 /* PBXContainerItemProxy */;
		};
		21BDF30D19A635C8006E1E4F /* PBXTargetDependency */ = {
			isa = PBXTargetDependency;
			name = iOS;
			targetProxy = 21BDF30C19A635C8006E1E4F /* PBXContainerItemProxy */;
		};
/* End PBXTargetDependency section */

/* Begin XCBuildConfiguration section */
		21B9644F199A860F00F05CA4 /* Debug */ = {
			isa = XCBuildConfiguration;
			buildSettings = {
				ALWAYS_SEARCH_USER_PATHS = NO;
				CLANG_CXX_LANGUAGE_STANDARD = "gnu++0x";
				CLANG_CXX_LIBRARY = "libc++";
				CLANG_ENABLE_MODULES = YES;
				CLANG_ENABLE_OBJC_ARC = YES;
				CLANG_WARN_BOOL_CONVERSION = YES;
				CLANG_WARN_CONSTANT_CONVERSION = YES;
				CLANG_WARN_DIRECT_OBJC_ISA_USAGE = YES_ERROR;
				CLANG_WARN_EMPTY_BODY = YES;
				CLANG_WARN_ENUM_CONVERSION = YES;
				CLANG_WARN_INT_CONVERSION = YES;
				CLANG_WARN_OBJC_ROOT_CLASS = YES_ERROR;
				CLANG_WARN_UNREACHABLE_CODE = YES;
				CLANG_WARN__DUPLICATE_METHOD_MATCH = YES;
				"CODE_SIGN_IDENTITY[sdk=iphoneos*]" = "iPhone Developer";
				COPY_PHASE_STRIP = NO;
				ENABLE_STRICT_OBJC_MSGSEND = YES;
				GCC_C_LANGUAGE_STANDARD = gnu99;
				GCC_DYNAMIC_NO_PIC = NO;
				GCC_OPTIMIZATION_LEVEL = 0;
				GCC_PREPROCESSOR_DEFINITIONS = (
					"DEBUG=1",
					"$(inherited)",
				);
				GCC_SYMBOLS_PRIVATE_EXTERN = NO;
				GCC_WARN_64_TO_32_BIT_CONVERSION = YES;
				GCC_WARN_ABOUT_RETURN_TYPE = YES_ERROR;
				GCC_WARN_UNDECLARED_SELECTOR = YES;
				GCC_WARN_UNINITIALIZED_AUTOS = YES_AGGRESSIVE;
				GCC_WARN_UNUSED_FUNCTION = YES;
				GCC_WARN_UNUSED_VARIABLE = YES;
				IPHONEOS_DEPLOYMENT_TARGET = 8.0;
				MTL_ENABLE_DEBUG_INFO = YES;
				ONLY_ACTIVE_ARCH = YES;
				SDKROOT = iphoneos;
				SWIFT_OPTIMIZATION_LEVEL = "-Onone";
				TARGETED_DEVICE_FAMILY = "1,2";
			};
			name = Debug;
		};
		21B96450199A860F00F05CA4 /* Release */ = {
			isa = XCBuildConfiguration;
			buildSettings = {
				ALWAYS_SEARCH_USER_PATHS = NO;
				CLANG_CXX_LANGUAGE_STANDARD = "gnu++0x";
				CLANG_CXX_LIBRARY = "libc++";
				CLANG_ENABLE_MODULES = YES;
				CLANG_ENABLE_OBJC_ARC = YES;
				CLANG_WARN_BOOL_CONVERSION = YES;
				CLANG_WARN_CONSTANT_CONVERSION = YES;
				CLANG_WARN_DIRECT_OBJC_ISA_USAGE = YES_ERROR;
				CLANG_WARN_EMPTY_BODY = YES;
				CLANG_WARN_ENUM_CONVERSION = YES;
				CLANG_WARN_INT_CONVERSION = YES;
				CLANG_WARN_OBJC_ROOT_CLASS = YES_ERROR;
				CLANG_WARN_UNREACHABLE_CODE = YES;
				CLANG_WARN__DUPLICATE_METHOD_MATCH = YES;
				"CODE_SIGN_IDENTITY[sdk=iphoneos*]" = "iPhone Developer";
				COPY_PHASE_STRIP = YES;
				ENABLE_NS_ASSERTIONS = NO;
				ENABLE_STRICT_OBJC_MSGSEND = YES;
				GCC_C_LANGUAGE_STANDARD = gnu99;
				GCC_WARN_64_TO_32_BIT_CONVERSION = YES;
				GCC_WARN_ABOUT_RETURN_TYPE = YES_ERROR;
				GCC_WARN_UNDECLARED_SELECTOR = YES;
				GCC_WARN_UNINITIALIZED_AUTOS = YES_AGGRESSIVE;
				GCC_WARN_UNUSED_FUNCTION = YES;
				GCC_WARN_UNUSED_VARIABLE = YES;
				IPHONEOS_DEPLOYMENT_TARGET = 8.0;
				MTL_ENABLE_DEBUG_INFO = NO;
				SDKROOT = iphoneos;
				TARGETED_DEVICE_FAMILY = "1,2";
				VALIDATE_PRODUCT = YES;
			};
			name = Release;
		};
		21B96452199A860F00F05CA4 /* Debug */ = {
			isa = XCBuildConfiguration;
			buildSettings = {
				ASSETCATALOG_COMPILER_APPICON_NAME = AppIcon;
				ASSETCATALOG_COMPILER_LAUNCHIMAGE_NAME = LaunchImage;
				DEFINES_MODULE = YES;
				INFOPLIST_FILE = CookingAppSwift/Info.plist;
				IPHONEOS_DEPLOYMENT_TARGET = 7.1;
				LD_RUNPATH_SEARCH_PATHS = "$(inherited) @executable_path/Frameworks";
				PRODUCT_NAME = "$(TARGET_NAME)";
			};
			name = Debug;
		};
		21B96453199A860F00F05CA4 /* Release */ = {
			isa = XCBuildConfiguration;
			buildSettings = {
				ASSETCATALOG_COMPILER_APPICON_NAME = AppIcon;
				ASSETCATALOG_COMPILER_LAUNCHIMAGE_NAME = LaunchImage;
				DEFINES_MODULE = YES;
				INFOPLIST_FILE = CookingAppSwift/Info.plist;
				IPHONEOS_DEPLOYMENT_TARGET = 7.1;
				LD_RUNPATH_SEARCH_PATHS = "$(inherited) @executable_path/Frameworks";
				PRODUCT_NAME = "$(TARGET_NAME)";
			};
			name = Release;
		};
		21B96455199A860F00F05CA4 /* Debug */ = {
			isa = XCBuildConfiguration;
			buildSettings = {
				BUNDLE_LOADER = "$(TEST_HOST)";
				FRAMEWORK_SEARCH_PATHS = (
					"$(SDKROOT)/Developer/Library/Frameworks",
					"$(inherited)",
				);
				GCC_PREPROCESSOR_DEFINITIONS = (
					"DEBUG=1",
					"$(inherited)",
				);
				INFOPLIST_FILE = CookingAppSwiftTests/Info.plist;
				LD_RUNPATH_SEARCH_PATHS = "$(inherited) @executable_path/Frameworks @loader_path/Frameworks";
				PRODUCT_NAME = "$(TARGET_NAME)";
				TEST_HOST = "$(BUILT_PRODUCTS_DIR)/CookingAppSwift.app/CookingAppSwift";
			};
			name = Debug;
		};
		21B96456199A860F00F05CA4 /* Release */ = {
			isa = XCBuildConfiguration;
			buildSettings = {
				BUNDLE_LOADER = "$(TEST_HOST)";
				FRAMEWORK_SEARCH_PATHS = (
					"$(SDKROOT)/Developer/Library/Frameworks",
					"$(inherited)",
				);
				INFOPLIST_FILE = CookingAppSwiftTests/Info.plist;
				LD_RUNPATH_SEARCH_PATHS = "$(inherited) @executable_path/Frameworks @loader_path/Frameworks";
				PRODUCT_NAME = "$(TARGET_NAME)";
				TEST_HOST = "$(BUILT_PRODUCTS_DIR)/CookingAppSwift.app/CookingAppSwift";
			};
			name = Release;
		};
/* End XCBuildConfiguration section */

/* Begin XCConfigurationList section */
		21B96430199A860F00F05CA4 /* Build configuration list for PBXProject "CookingAppSwift" */ = {
			isa = XCConfigurationList;
			buildConfigurations = (
				21B9644F199A860F00F05CA4 /* Debug */,
				21B96450199A860F00F05CA4 /* Release */,
			);
			defaultConfigurationIsVisible = 0;
			defaultConfigurationName = Release;
		};
		21B96451199A860F00F05CA4 /* Build configuration list for PBXNativeTarget "CookingAppSwift" */ = {
			isa = XCConfigurationList;
			buildConfigurations = (
				21B96452199A860F00F05CA4 /* Debug */,
				21B96453199A860F00F05CA4 /* Release */,
			);
			defaultConfigurationIsVisible = 0;
			defaultConfigurationName = Release;
		};
		21B96454199A860F00F05CA4 /* Build configuration list for PBXNativeTarget "CookingAppSwiftTests" */ = {
			isa = XCConfigurationList;
			buildConfigurations = (
				21B96455199A860F00F05CA4 /* Debug */,
				21B96456199A860F00F05CA4 /* Release */,
			);
			defaultConfigurationIsVisible = 0;
			defaultConfigurationName = Release;
		};
/* End XCConfigurationList section */
	};
	rootObject = 21B9642D199A860F00F05CA4 /* Project object */;
}
